// !$*UTF8*$!
{
	archiveVersion = 1;
	classes = {
	};
	objectVersion = 51;
	objects = {

/* Begin PBXBuildFile section */
		3EA8287222DF184900F1D785 /* AppDelegate.swift in Sources */ = {isa = PBXBuildFile; fileRef = 3EA8287122DF184900F1D785 /* AppDelegate.swift */; };
		3EA8287422DF184900F1D785 /* ViewController.swift in Sources */ = {isa = PBXBuildFile; fileRef = 3EA8287322DF184900F1D785 /* ViewController.swift */; };
		3EA8287722DF184900F1D785 /* Main.storyboard in Resources */ = {isa = PBXBuildFile; fileRef = 3EA8287522DF184900F1D785 /* Main.storyboard */; };
		3EA8287922DF184B00F1D785 /* Assets.xcassets in Resources */ = {isa = PBXBuildFile; fileRef = 3EA8287822DF184B00F1D785 /* Assets.xcassets */; };
		3EA8287C22DF184B00F1D785 /* LaunchScreen.storyboard in Resources */ = {isa = PBXBuildFile; fileRef = 3EA8287A22DF184B00F1D785 /* LaunchScreen.storyboard */; };
		3EA8288822DF1F0500F1D785 /* ChildViewController.swift in Sources */ = {isa = PBXBuildFile; fileRef = 3EA8288722DF1F0500F1D785 /* ChildViewController.swift */; };
		540B4F458B32AA330150871A /* Pods_PageBoyControllerDemo.framework in Frameworks */ = {isa = PBXBuildFile; fileRef = 0FE0316B2A936C83EDEA0D70 /* Pods_PageBoyControllerDemo.framework */; };
/* End PBXBuildFile section */

/* Begin PBXFileReference section */
		0FE0316B2A936C83EDEA0D70 /* Pods_PageBoyControllerDemo.framework */ = {isa = PBXFileReference; explicitFileType = wrapper.framework; includeInIndex = 0; path = Pods_PageBoyControllerDemo.framework; sourceTree = BUILT_PRODUCTS_DIR; };
		3EA8286E22DF184900F1D785 /* PageBoyControllerDemo.app */ = {isa = PBXFileReference; explicitFileType = wrapper.application; includeInIndex = 0; path = PageBoyControllerDemo.app; sourceTree = BUILT_PRODUCTS_DIR; };
		3EA8287122DF184900F1D785 /* AppDelegate.swift */ = {isa = PBXFileReference; lastKnownFileType = sourcecode.swift; path = AppDelegate.swift; sourceTree = "<group>"; };
		3EA8287322DF184900F1D785 /* ViewController.swift */ = {isa = PBXFileReference; lastKnownFileType = sourcecode.swift; path = ViewController.swift; sourceTree = "<group>"; };
		3EA8287622DF184900F1D785 /* Base */ = {isa = PBXFileReference; lastKnownFileType = file.storyboard; name = Base; path = Base.lproj/Main.storyboard; sourceTree = "<group>"; };
		3EA8287822DF184B00F1D785 /* Assets.xcassets */ = {isa = PBXFileReference; lastKnownFileType = folder.assetcatalog; path = Assets.xcassets; sourceTree = "<group>"; };
		3EA8287B22DF184B00F1D785 /* Base */ = {isa = PBXFileReference; lastKnownFileType = file.storyboard; name = Base; path = Base.lproj/LaunchScreen.storyboard; sourceTree = "<group>"; };
		3EA8287D22DF184B00F1D785 /* Info.plist */ = {isa = PBXFileReference; lastKnownFileType = text.plist.xml; path = Info.plist; sourceTree = "<group>"; };
		3EA8288722DF1F0500F1D785 /* ChildViewController.swift */ = {isa = PBXFileReference; lastKnownFileType = sourcecode.swift; path = ChildViewController.swift; sourceTree = "<group>"; };
		9DB78A07E8FF7F4AA22EE4D7 /* Pods-PageBoyControllerDemo.debug.xcconfig */ = {isa = PBXFileReference; includeInIndex = 1; lastKnownFileType = text.xcconfig; name = "Pods-PageBoyControllerDemo.debug.xcconfig"; path = "Target Support Files/Pods-PageBoyControllerDemo/Pods-PageBoyControllerDemo.debug.xcconfig"; sourceTree = "<group>"; };
		BF276C5CBE37380BD4F5819A /* Pods-PageBoyControllerDemo.release.xcconfig */ = {isa = PBXFileReference; includeInIndex = 1; lastKnownFileType = text.xcconfig; name = "Pods-PageBoyControllerDemo.release.xcconfig"; path = "Target Support Files/Pods-PageBoyControllerDemo/Pods-PageBoyControllerDemo.release.xcconfig"; sourceTree = "<group>"; };
/* End PBXFileReference section */

/* Begin PBXFrameworksBuildPhase section */
		3EA8286B22DF184900F1D785 /* Frameworks */ = {
			isa = PBXFrameworksBuildPhase;
			buildActionMask = 2147483647;
			files = (
				540B4F458B32AA330150871A /* Pods_PageBoyControllerDemo.framework in Frameworks */,
			);
			runOnlyForDeploymentPostprocessing = 0;
		};
/* End PBXFrameworksBuildPhase section */

/* Begin PBXGroup section */
		227399E3EC1B97EE4B52BF5F /* Frameworks */ = {
			isa = PBXGroup;
			children = (
				0FE0316B2A936C83EDEA0D70 /* Pods_PageBoyControllerDemo.framework */,
			);
			name = Frameworks;
			sourceTree = "<group>";
		};
		3EA8286522DF184900F1D785 = {
			isa = PBXGroup;
			children = (
				3EA8287022DF184900F1D785 /* PageBoyControllerDemo */,
				3EA8286F22DF184900F1D785 /* Products */,
				88FD14C6DBAE018579668B06 /* Pods */,
				227399E3EC1B97EE4B52BF5F /* Frameworks */,
			);
			sourceTree = "<group>";
		};
		3EA8286F22DF184900F1D785 /* Products */ = {
			isa = PBXGroup;
			children = (
				3EA8286E22DF184900F1D785 /* PageBoyControllerDemo.app */,
			);
			name = Products;
			sourceTree = "<group>";
		};
		3EA8287022DF184900F1D785 /* PageBoyControllerDemo */ = {
			isa = PBXGroup;
			children = (
				3EA8287122DF184900F1D785 /* AppDelegate.swift */,
				3EA8287322DF184900F1D785 /* ViewController.swift */,
				3EA8287522DF184900F1D785 /* Main.storyboard */,
				3EA8287822DF184B00F1D785 /* Assets.xcassets */,
				3EA8287A22DF184B00F1D785 /* LaunchScreen.storyboard */,
				3EA8287D22DF184B00F1D785 /* Info.plist */,
				3EA8288722DF1F0500F1D785 /* ChildViewController.swift */,
			);
			path = PageBoyControllerDemo;
			sourceTree = "<group>";
		};
		88FD14C6DBAE018579668B06 /* Pods */ = {
			isa = PBXGroup;
			children = (
				9DB78A07E8FF7F4AA22EE4D7 /* Pods-PageBoyControllerDemo.debug.xcconfig */,
				BF276C5CBE37380BD4F5819A /* Pods-PageBoyControllerDemo.release.xcconfig */,
			);
			path = Pods;
			sourceTree = "<group>";
		};
/* End PBXGroup section */

/* Begin PBXNativeTarget section */
		3EA8286D22DF184900F1D785 /* PageBoyControllerDemo */ = {
			isa = PBXNativeTarget;
			buildConfigurationList = 3EA8288022DF184B00F1D785 /* Build configuration list for PBXNativeTarget "PageBoyControllerDemo" */;
			buildPhases = (
				F4F87D5E942C54C2A61E3876 /* [CP] Check Pods Manifest.lock */,
				3EA8286A22DF184900F1D785 /* Sources */,
				3EA8286B22DF184900F1D785 /* Frameworks */,
				3EA8286C22DF184900F1D785 /* Resources */,
				64C1C89C2140A7C6C3332D9A /* [CP] Embed Pods Frameworks */,
			);
			buildRules = (
			);
			dependencies = (
			);
			name = PageBoyControllerDemo;
			productName = PageBoyControllerDemo;
			productReference = 3EA8286E22DF184900F1D785 /* PageBoyControllerDemo.app */;
			productType = "com.apple.product-type.application";
		};
/* End PBXNativeTarget section */

/* Begin PBXProject section */
		3EA8286622DF184900F1D785 /* Project object */ = {
			isa = PBXProject;
			attributes = {
				LastSwiftUpdateCheck = 1020;
				LastUpgradeCheck = 1020;
				ORGANIZATIONNAME = applepi;
				TargetAttributes = {
					3EA8286D22DF184900F1D785 = {
						CreatedOnToolsVersion = 10.2.1;
					};
				};
			};
			buildConfigurationList = 3EA8286922DF184900F1D785 /* Build configuration list for PBXProject "PageBoyControllerDemo" */;
			compatibilityVersion = "Xcode 9.3";
			developmentRegion = en;
			hasScannedForEncodings = 0;
			knownRegions = (
				en,
				Base,
			);
			mainGroup = 3EA8286522DF184900F1D785;
			productRefGroup = 3EA8286F22DF184900F1D785 /* Products */;
			projectDirPath = "";
			projectRoot = "";
			targets = (
				3EA8286D22DF184900F1D785 /* PageBoyControllerDemo */,
			);
		};
/* End PBXProject section */

/* Begin PBXResourcesBuildPhase section */
		3EA8286C22DF184900F1D785 /* Resources */ = {
			isa = PBXResourcesBuildPhase;
			buildActionMask = 2147483647;
			files = (
				3EA8287C22DF184B00F1D785 /* LaunchScreen.storyboard in Resources */,
				3EA8287922DF184B00F1D785 /* Assets.xcassets in Resources */,
				3EA8287722DF184900F1D785 /* Main.storyboard in Resources */,
			);
			runOnlyForDeploymentPostprocessing = 0;
		};
/* End PBXResourcesBuildPhase section */

/* Begin PBXShellScriptBuildPhase section */
		64C1C89C2140A7C6C3332D9A /* [CP] Embed Pods Frameworks */ = {
			isa = PBXShellScriptBuildPhase;
			buildActionMask = 2147483647;
			files = (
			);
			inputFileListPaths = (
				"${PODS_ROOT}/Target Support Files/Pods-PageBoyControllerDemo/Pods-PageBoyControllerDemo-frameworks-${CONFIGURATION}-input-files.xcfilelist",
			);
			name = "[CP] Embed Pods Frameworks";
			outputFileListPaths = (
				"${PODS_ROOT}/Target Support Files/Pods-PageBoyControllerDemo/Pods-PageBoyControllerDemo-frameworks-${CONFIGURATION}-output-files.xcfilelist",
			);
			runOnlyForDeploymentPostprocessing = 0;
			shellPath = /bin/sh;
			shellScript = "\"${PODS_ROOT}/Target Support Files/Pods-PageBoyControllerDemo/Pods-PageBoyControllerDemo-frameworks.sh\"\n";
			showEnvVarsInLog = 0;
		};
		F4F87D5E942C54C2A61E3876 /* [CP] Check Pods Manifest.lock */ = {
			isa = PBXShellScriptBuildPhase;
			buildActionMask = 2147483647;
			files = (
			);
			inputFileListPaths = (
			);
			inputPaths = (
				"${PODS_PODFILE_DIR_PATH}/Podfile.lock",
				"${PODS_ROOT}/Manifest.lock",
			);
			name = "[CP] Check Pods Manifest.lock";
			outputFileListPaths = (
			);
			outputPaths = (
				"$(DERIVED_FILE_DIR)/Pods-PageBoyControllerDemo-checkManifestLockResult.txt",
			);
			runOnlyForDeploymentPostprocessing = 0;
			shellPath = /bin/sh;
			shellScript = "diff \"${PODS_PODFILE_DIR_PATH}/Podfile.lock\" \"${PODS_ROOT}/Manifest.lock\" > /dev/null\nif [ $? != 0 ] ; then\n    # print error to STDERR\n    echo \"error: The sandbox is not in sync with the Podfile.lock. Run 'pod install' or update your CocoaPods installation.\" >&2\n    exit 1\nfi\n# This output is used by Xcode 'outputs' to avoid re-running this script phase.\necho \"SUCCESS\" > \"${SCRIPT_OUTPUT_FILE_0}\"\n";
			showEnvVarsInLog = 0;
		};
/* End PBXShellScriptBuildPhase section */

/* Begin PBXSourcesBuildPhase section */
		3EA8286A22DF184900F1D785 /* Sources */ = {
			isa = PBXSourcesBuildPhase;
			buildActionMask = 2147483647;
			files = (
				3EA8287422DF184900F1D785 /* ViewController.swift in Sources */,
				3EA8287222DF184900F1D785 /* AppDelegate.swift in Sources */,
				3EA8288822DF1F0500F1D785 /* ChildViewController.swift in Sources */,
			);
			runOnlyForDeploymentPostprocessing = 0;
		};
/* End PBXSourcesBuildPhase section */

/* Begin PBXVariantGroup section */
		3EA8287522DF184900F1D785 /* Main.storyboard */ = {
			isa = PBXVariantGroup;
			children = (
				3EA8287622DF184900F1D785 /* Base */,
			);
			name = Main.storyboard;
			sourceTree = "<group>";
		};
		3EA8287A22DF184B00F1D785 /* LaunchScreen.storyboard */ = {
			isa = PBXVariantGroup;
			children = (
				3EA8287B22DF184B00F1D785 /* Base */,
			);
			name = LaunchScreen.storyboard;
			sourceTree = "<group>";
		};
/* End PBXVariantGroup section */

/* Begin XCBuildConfiguration section */
		3EA8287E22DF184B00F1D785 /* Debug */ = {
			isa = XCBuildConfiguration;
			buildSettings = {
				ALWAYS_SEARCH_USER_PATHS = NO;
				CLANG_ANALYZER_NONNULL = YES;
				CLANG_ANALYZER_NUMBER_OBJECT_CONVERSION = YES_AGGRESSIVE;
				CLANG_CXX_LANGUAGE_STANDARD = "gnu++14";
				CLANG_CXX_LIBRARY = "libc++";
				CLANG_ENABLE_MODULES = YES;
				CLANG_ENABLE_OBJC_ARC = YES;
				CLANG_ENABLE_OBJC_WEAK = YES;
				CLANG_WARN_BLOCK_CAPTURE_AUTORELEASING = YES;
				CLANG_WARN_BOOL_CONVERSION = YES;
				CLANG_WARN_COMMA = YES;
				CLANG_WARN_CONSTANT_CONVERSION = YES;
				CLANG_WARN_DEPRECATED_OBJC_IMPLEMENTATIONS = YES;
				CLANG_WARN_DIRECT_OBJC_ISA_USAGE = YES_ERROR;
				CLANG_WARN_DOCUMENTATION_COMMENTS = YES;
				CLANG_WARN_EMPTY_BODY = YES;
				CLANG_WARN_ENUM_CONVERSION = YES;
				CLANG_WARN_INFINITE_RECURSION = YES;
				CLANG_WARN_INT_CONVERSION = YES;
				CLANG_WARN_NON_LITERAL_NULL_CONVERSION = YES;
				CLANG_WARN_OBJC_IMPLICIT_RETAIN_SELF = YES;
				CLANG_WARN_OBJC_LITERAL_CONVERSION = YES;
				CLANG_WARN_OBJC_ROOT_CLASS = YES_ERROR;
				CLANG_WARN_RANGE_LOOP_ANALYSIS = YES;
				CLANG_WARN_STRICT_PROTOTYPES = YES;
				CLANG_WARN_SUSPICIOUS_MOVE = YES;
				CLANG_WARN_UNGUARDED_AVAILABILITY = YES_AGGRESSIVE;
				CLANG_WARN_UNREACHABLE_CODE = YES;
				CLANG_WARN__DUPLICATE_METHOD_MATCH = YES;
				CODE_SIGN_IDENTITY = "iPhone Developer";
				COPY_PHASE_STRIP = NO;
				DEBUG_INFORMATION_FORMAT = dwarf;
				ENABLE_STRICT_OBJC_MSGSEND = YES;
				ENABLE_TESTABILITY = YES;
				GCC_C_LANGUAGE_STANDARD = gnu11;
				GCC_DYNAMIC_NO_PIC = NO;
				GCC_NO_COMMON_BLOCKS = YES;
				GCC_OPTIMIZATION_LEVEL = 0;
				GCC_PREPROCESSOR_DEFINITIONS = (
					"DEBUG=1",
					"$(inherited)",
				);
				GCC_WARN_64_TO_32_BIT_CONVERSION = YES;
				GCC_WARN_ABOUT_RETURN_TYPE = YES_ERROR;
				GCC_WARN_UNDECLARED_SELECTOR = YES;
				GCC_WARN_UNINITIALIZED_AUTOS = YES_AGGRESSIVE;
				GCC_WARN_UNUSED_FUNCTION = YES;
				GCC_WARN_UNUSED_VARIABLE = YES;
				IPHONEOS_DEPLOYMENT_TARGET = 12.2;
				MTL_ENABLE_DEBUG_INFO = INCLUDE_SOURCE;
				MTL_FAST_MATH = YES;
				ONLY_ACTIVE_ARCH = YES;
				SDKROOT = iphoneos;
				SWIFT_ACTIVE_COMPILATION_CONDITIONS = DEBUG;
				SWIFT_OPTIMIZATION_LEVEL = "-Onone";
			};
			name = Debug;
		};
		3EA8287F22DF184B00F1D785 /* Release */ = {
			isa = XCBuildConfiguration;
			buildSettings = {
				ALWAYS_SEARCH_USER_PATHS = NO;
				CLANG_ANALYZER_NONNULL = YES;
				CLANG_ANALYZER_NUMBER_OBJECT_CONVERSION = YES_AGGRESSIVE;
				CLANG_CXX_LANGUAGE_STANDARD = "gnu++14";
				CLANG_CXX_LIBRARY = "libc++";
				CLANG_ENABLE_MODULES = YES;
				CLANG_ENABLE_OBJC_ARC = YES;
				CLANG_ENABLE_OBJC_WEAK = YES;
				CLANG_WARN_BLOCK_CAPTURE_AUTORELEASING = YES;
				CLANG_WARN_BOOL_CONVERSION = YES;
				CLANG_WARN_COMMA = YES;
				CLANG_WARN_CONSTANT_CONVERSION = YES;
				CLANG_WARN_DEPRECATED_OBJC_IMPLEMENTATIONS = YES;
				CLANG_WARN_DIRECT_OBJC_ISA_USAGE = YES_ERROR;
				CLANG_WARN_DOCUMENTATION_COMMENTS = YES;
				CLANG_WARN_EMPTY_BODY = YES;
				CLANG_WARN_ENUM_CONVERSION = YES;
				CLANG_WARN_INFINITE_RECURSION = YES;
				CLANG_WARN_INT_CONVERSION = YES;
				CLANG_WARN_NON_LITERAL_NULL_CONVERSION = YES;
				CLANG_WARN_OBJC_IMPLICIT_RETAIN_SELF = YES;
				CLANG_WARN_OBJC_LITERAL_CONVERSION = YES;
				CLANG_WARN_OBJC_ROOT_CLASS = YES_ERROR;
				CLANG_WARN_RANGE_LOOP_ANALYSIS = YES;
				CLANG_WARN_STRICT_PROTOTYPES = YES;
				CLANG_WARN_SUSPICIOUS_MOVE = YES;
				CLANG_WARN_UNGUARDED_AVAILABILITY = YES_AGGRESSIVE;
				CLANG_WARN_UNREACHABLE_CODE = YES;
				CLANG_WARN__DUPLICATE_METHOD_MATCH = YES;
				CODE_SIGN_IDENTITY = "iPhone Developer";
				COPY_PHASE_STRIP = NO;
				DEBUG_INFORMATION_FORMAT = "dwarf-with-dsym";
				ENABLE_NS_ASSERTIONS = NO;
				ENABLE_STRICT_OBJC_MSGSEND = YES;
				GCC_C_LANGUAGE_STANDARD = gnu11;
				GCC_NO_COMMON_BLOCKS = YES;
				GCC_WARN_64_TO_32_BIT_CONVERSION = YES;
				GCC_WARN_ABOUT_RETURN_TYPE = YES_ERROR;
				GCC_WARN_UNDECLARED_SELECTOR = YES;
				GCC_WARN_UNINITIALIZED_AUTOS = YES_AGGRESSIVE;
				GCC_WARN_UNUSED_FUNCTION = YES;
				GCC_WARN_UNUSED_VARIABLE = YES;
				IPHONEOS_DEPLOYMENT_TARGET = 12.2;
				MTL_ENABLE_DEBUG_INFO = NO;
				MTL_FAST_MATH = YES;
				SDKROOT = iphoneos;
				SWIFT_COMPILATION_MODE = wholemodule;
				SWIFT_OPTIMIZATION_LEVEL = "-O";
				VALIDATE_PRODUCT = YES;
			};
			name = Release;
		};
		3EA8288122DF184B00F1D785 /* Debug */ = {
			isa = XCBuildConfiguration;
			baseConfigurationReference = 9DB78A07E8FF7F4AA22EE4D7 /* Pods-PageBoyControllerDemo.debug.xcconfig */;
			buildSettings = {
				ASSETCATALOG_COMPILER_APPICON_NAME = AppIcon;
				CODE_SIGN_STYLE = Automatic;
				DEVELOPMENT_TEAM = QCXR8CZHCY;
				INFOPLIST_FILE = PageBoyControllerDemo/Info.plist;
				LD_RUNPATH_SEARCH_PATHS = (
					"$(inherited)",
					"@executable_path/Frameworks",
				);
				PRODUCT_BUNDLE_IDENTIFIER = applepi.PageBoyControllerDemo;
				PRODUCT_NAME = "$(TARGET_NAME)";
				SWIFT_VERSION = 5.0;
				TARGETED_DEVICE_FAMILY = "1,2";
			};
			name = Debug;
		};
		3EA8288222DF184B00F1D785 /* Release */ = {
			isa = XCBuildConfiguration;
			baseConfigurationReference = BF276C5CBE37380BD4F5819A /* Pods-PageBoyControllerDemo.release.xcconfig */;
			buildSettings = {
				ASSETCATALOG_COMPILER_APPICON_NAME = AppIcon;
				CODE_SIGN_STYLE = Automatic;
				DEVELOPMENT_TEAM = QCXR8CZHCY;
				INFOPLIST_FILE = PageBoyControllerDemo/Info.plist;
				LD_RUNPATH_SEARCH_PATHS = (
					"$(inherited)",
					"@executable_path/Frameworks",
				);
				PRODUCT_BUNDLE_IDENTIFIER = applepi.PageBoyControllerDemo;
				PRODUCT_NAME = "$(TARGET_NAME)";
				SWIFT_VERSION = 5.0;
				TARGETED_DEVICE_FAMILY = "1,2";
			};
			name = Release;
		};
/* End XCBuildConfiguration section */

/* Begin XCConfigurationList section */
		3EA8286922DF184900F1D785 /* Build configuration list for PBXProject "PageBoyControllerDemo" */ = {
			isa = XCConfigurationList;
			buildConfigurations = (
				3EA8287E22DF184B00F1D785 /* Debug */,
				3EA8287F22DF184B00F1D785 /* Release */,
			);
			defaultConfigurationIsVisible = 0;
			defaultConfigurationName = Release;
		};
		3EA8288022DF184B00F1D785 /* Build configuration list for PBXNativeTarget "PageBoyControllerDemo" */ = {
			isa = XCConfigurationList;
			buildConfigurations = (
				3EA8288122DF184B00F1D785 /* Debug */,
				3EA8288222DF184B00F1D785 /* Release */,
			);
			defaultConfigurationIsVisible = 0;
			defaultConfigurationName = Release;
		};
/* End XCConfigurationList section */
	};
	rootObject = 3EA8286622DF184900F1D785 /* Project object */;
}
